
Microsoft Visual Studio Solution File, Format Version 12.00
# Visual Studio 15
VisualStudioVersion = 15.0.28307.1800
MinimumVisualStudioVersion = 10.0.40219.1
Project("{159641D6-6404-4A2A-AE62-294DE0FE8301}") = "csv_to_postgres_ssis", "csv_to_postgres_ssis\csv_to_postgres_ssis.dtproj", "{530DE1F1-E11D-4140-947E-0C7E915D7D7E}"
EndProject
Global
	GlobalSection(SolutionConfigurationPlatforms) = preSolution
		Development|Default = Development|Default
	EndGlobalSection
	GlobalSection(ProjectConfigurationPlatforms) = postSolution
		{530DE1F1-E11D-4140-947E-0C7E915D7D7E}.Development|Default.ActiveCfg = Development
		{530DE1F1-E11D-4140-947E-0C7E915D7D7E}.Development|Default.Build.0 = Development
	EndGlobalSection
	GlobalSection(SolutionProperties) = preSolution
		HideSolutionNode = FALSE
	EndGlobalSection
	GlobalSection(ExtensibilityGlobals) = postSolution
		SolutionGuid = {D2840851-5A1F-43CF-B852-7A70B1D8A9C1}
	EndGlobalSection
EndGlobal
